{
  "version": 4,
  "terraform_version": "1.0.9",
  "serial": 5,
  "lineage": "8301d82b-ad0e-3122-361c-aec58039f8f7",
  "outputs": {},
  "resources": [
    {
      "mode": "managed",
      "type": "bitwarden_secure_note",
      "name": "platform_db_creds",
      "provider": "provider[\"registry.novisto.net/novisto/bitwarden\"]",
      "instances": [
        {
          "schema_version": 0,
          "attributes": {
            "collection_ids": [
              "d42f510e-6f45-404a-8a70-ad8d00f6cadf"
            ],
            "favorite": false,
            "folder_id": "ebcd4fe6-d0dc-44e4-9ee7-adcc01556bef",
            "id": "598a2d4a-1933-4f32-85da-adcd00e6eb46",
            "name": "TEST DELETE ME - Platform DB Credentials",
            "notes": "{\"novisto\":{\"host\":\"host.example.com\",\"password\":\"df765287b64e51\",\"port\":5432,\"username\":\"user\"}}",
            "object": "item",
            "organization_id": "df4736bb-2f70-47ac-98cb-ad7401042241",
            "reprompt": false,
            "revision_date": "2021-10-26 14:00:45.027 +0000 UTC",
            "type": 2
          },
          "sensitive_attributes": []
        }
      ]
    }
  ]
}
